
Microsoft Visual Studio Solution File, Format Version 12.00
# Visual Studio Version 16
VisualStudioVersion = 16.0.31105.61
MinimumVisualStudioVersion = 10.0.40219.1
Project("{9A19103F-16F7-4668-BE54-9A1E7A4F7556}") = "Trabalho_1_adriano_wilson", "Trabalho_1_adriano_wilson\Trabalho_1_adriano_wilson.csproj", "{A8F7D7BC-C1B5-49B1-B799-12C617DA05E0}"
EndProject
Global
	GlobalSection(SolutionConfigurationPlatforms) = preSolution
		Debug|Any CPU = Debug|Any CPU
		Release|Any CPU = Release|Any CPU
	EndGlobalSection
	GlobalSection(ProjectConfigurationPlatforms) = postSolution
		{A8F7D7BC-C1B5-49B1-B799-12C617DA05E0}.Debug|Any CPU.ActiveCfg = Debug|Any CPU
		{A8F7D7BC-C1B5-49B1-B799-12C617DA05E0}.Debug|Any CPU.Build.0 = Debug|Any CPU
		{A8F7D7BC-C1B5-49B1-B799-12C617DA05E0}.Release|Any CPU.ActiveCfg = Release|Any CPU
		{A8F7D7BC-C1B5-49B1-B799-12C617DA05E0}.Release|Any CPU.Build.0 = Release|Any CPU
	EndGlobalSection
	GlobalSection(SolutionProperties) = preSolution
		HideSolutionNode = FALSE
	EndGlobalSection
	GlobalSection(ExtensibilityGlobals) = postSolution
		SolutionGuid = {DB0EDFD6-70B4-430A-B06E-93FA544F3F70}
	EndGlobalSection
EndGlobal
